// !$*UTF8*$!
{
	archiveVersion = 1;
	classes = {
	};
	objectVersion = 48;
	objects = {

/* Begin PBXBuildFile section */
		DB0266642106F65D00AB9382 /* Constants.swift in Sources */ = {isa = PBXBuildFile; fileRef = DB0266632106F65D00AB9382 /* Constants.swift */; };
		DB4D7CFC2106038C005EB4F9 /* AppDelegate.swift in Sources */ = {isa = PBXBuildFile; fileRef = DB4D7CFB2106038C005EB4F9 /* AppDelegate.swift */; };
		DB4D7D032106038C005EB4F9 /* Assets.xcassets in Resources */ = {isa = PBXBuildFile; fileRef = DB4D7D022106038C005EB4F9 /* Assets.xcassets */; };
		DBA07D5421073CD700C8CBAD /* LaunchScreen.storyboard in Resources */ = {isa = PBXBuildFile; fileRef = DBA07D5321073CD700C8CBAD /* LaunchScreen.storyboard */; };
		DBA07D562107422000C8CBAD /* HomeViewControllerTests.swift in Sources */ = {isa = PBXBuildFile; fileRef = DBA07D552107422000C8CBAD /* HomeViewControllerTests.swift */; };
		DBA07D5821074C1E00C8CBAD /* HomeModalTests.swift in Sources */ = {isa = PBXBuildFile; fileRef = DBA07D5721074C1E00C8CBAD /* HomeModalTests.swift */; };
		DBCB2C0E21062AF0003D920A /* HomeViewController.swift in Sources */ = {isa = PBXBuildFile; fileRef = DBCB2C0D21062AF0003D920A /* HomeViewController.swift */; };
		DBCB2C1121062FD1003D920A /* HomeTableViewCell.swift in Sources */ = {isa = PBXBuildFile; fileRef = DBCB2C0F21062FD1003D920A /* HomeTableViewCell.swift */; };
		DBCB2C1221062FD1003D920A /* HomeTableViewCell.xib in Resources */ = {isa = PBXBuildFile; fileRef = DBCB2C1021062FD1003D920A /* HomeTableViewCell.xib */; };
		DBCB2C1821063582003D920A /* HomeModel.swift in Sources */ = {isa = PBXBuildFile; fileRef = DBCB2C1721063582003D920A /* HomeModel.swift */; };
/* End PBXBuildFile section */

/* Begin PBXContainerItemProxy section */
		DB4D7D0D2106038C005EB4F9 /* PBXContainerItemProxy */ = {
			isa = PBXContainerItemProxy;
			containerPortal = DB4D7CF02106038B005EB4F9 /* Project object */;
			proxyType = 1;
			remoteGlobalIDString = DB4D7CF72106038C005EB4F9;
			remoteInfo = ProficiencyExercise;
		};
/* End PBXContainerItemProxy section */

/* Begin PBXFileReference section */
		DB0266632106F65D00AB9382 /* Constants.swift */ = {isa = PBXFileReference; lastKnownFileType = sourcecode.swift; path = Constants.swift; sourceTree = "<group>"; };
		DB0266672106FF3A00AB9382 /* Alamofire.framework */ = {isa = PBXFileReference; explicitFileType = wrapper.framework; path = Alamofire.framework; sourceTree = BUILT_PRODUCTS_DIR; };
		DB4D7CF82106038C005EB4F9 /* ProficiencyExercise.app */ = {isa = PBXFileReference; explicitFileType = wrapper.application; includeInIndex = 0; path = ProficiencyExercise.app; sourceTree = BUILT_PRODUCTS_DIR; };
		DB4D7CFB2106038C005EB4F9 /* AppDelegate.swift */ = {isa = PBXFileReference; lastKnownFileType = sourcecode.swift; path = AppDelegate.swift; sourceTree = "<group>"; };
		DB4D7D022106038C005EB4F9 /* Assets.xcassets */ = {isa = PBXFileReference; lastKnownFileType = folder.assetcatalog; path = Assets.xcassets; sourceTree = "<group>"; };
		DB4D7D072106038C005EB4F9 /* Info.plist */ = {isa = PBXFileReference; lastKnownFileType = text.plist.xml; path = Info.plist; sourceTree = "<group>"; };
		DB4D7D0C2106038C005EB4F9 /* ProficiencyExerciseTests.xctest */ = {isa = PBXFileReference; explicitFileType = wrapper.cfbundle; includeInIndex = 0; path = ProficiencyExerciseTests.xctest; sourceTree = BUILT_PRODUCTS_DIR; };
		DB4D7D122106038C005EB4F9 /* Info.plist */ = {isa = PBXFileReference; lastKnownFileType = text.plist.xml; path = Info.plist; sourceTree = "<group>"; };
		DBA07D5321073CD700C8CBAD /* LaunchScreen.storyboard */ = {isa = PBXFileReference; lastKnownFileType = file.storyboard; path = LaunchScreen.storyboard; sourceTree = "<group>"; };
		DBA07D552107422000C8CBAD /* HomeViewControllerTests.swift */ = {isa = PBXFileReference; lastKnownFileType = sourcecode.swift; path = HomeViewControllerTests.swift; sourceTree = "<group>"; };
		DBA07D5721074C1E00C8CBAD /* HomeModalTests.swift */ = {isa = PBXFileReference; lastKnownFileType = sourcecode.swift; path = HomeModalTests.swift; sourceTree = "<group>"; };
		DBCB2C0D21062AF0003D920A /* HomeViewController.swift */ = {isa = PBXFileReference; lastKnownFileType = sourcecode.swift; path = HomeViewController.swift; sourceTree = "<group>"; };
		DBCB2C0F21062FD1003D920A /* HomeTableViewCell.swift */ = {isa = PBXFileReference; lastKnownFileType = sourcecode.swift; path = HomeTableViewCell.swift; sourceTree = "<group>"; };
		DBCB2C1021062FD1003D920A /* HomeTableViewCell.xib */ = {isa = PBXFileReference; lastKnownFileType = file.xib; path = HomeTableViewCell.xib; sourceTree = "<group>"; };
		DBCB2C1721063582003D920A /* HomeModel.swift */ = {isa = PBXFileReference; lastKnownFileType = sourcecode.swift; path = HomeModel.swift; sourceTree = "<group>"; };
/* End PBXFileReference section */

/* Begin PBXFrameworksBuildPhase section */
		DB4D7CF52106038C005EB4F9 /* Frameworks */ = {
			isa = PBXFrameworksBuildPhase;
			buildActionMask = 2147483647;
			files = (
			);
			runOnlyForDeploymentPostprocessing = 0;
		};
		DB4D7D092106038C005EB4F9 /* Frameworks */ = {
			isa = PBXFrameworksBuildPhase;
			buildActionMask = 2147483647;
			files = (
			);
			runOnlyForDeploymentPostprocessing = 0;
		};
/* End PBXFrameworksBuildPhase section */

/* Begin PBXGroup section */
		1584A2F008F6F7CF2B7A0E69 /* Frameworks */ = {
			isa = PBXGroup;
			children = (
				DB0266672106FF3A00AB9382 /* Alamofire.framework */,
			);
			name = Frameworks;
			sourceTree = "<group>";
		};
		DB0266652106F66200AB9382 /* Common */ = {
			isa = PBXGroup;
			children = (
				DB0266632106F65D00AB9382 /* Constants.swift */,
			);
			path = Common;
			sourceTree = "<group>";
		};
		DB4D7CEF2106038B005EB4F9 = {
			isa = PBXGroup;
			children = (
				DB4D7CFA2106038C005EB4F9 /* ProficiencyExercise */,
				DB4D7D0F2106038C005EB4F9 /* ProficiencyExerciseTests */,
				DB4D7CF92106038C005EB4F9 /* Products */,
				1584A2F008F6F7CF2B7A0E69 /* Frameworks */,
			);
			sourceTree = "<group>";
		};
		DB4D7CF92106038C005EB4F9 /* Products */ = {
			isa = PBXGroup;
			children = (
				DB4D7CF82106038C005EB4F9 /* ProficiencyExercise.app */,
				DB4D7D0C2106038C005EB4F9 /* ProficiencyExerciseTests.xctest */,
			);
			name = Products;
			sourceTree = "<group>";
		};
		DB4D7CFA2106038C005EB4F9 /* ProficiencyExercise */ = {
			isa = PBXGroup;
			children = (
				DBCB2C1521062FE8003D920A /* Controller */,
				DBCB2C1421062FE2003D920A /* View */,
				DBCB2C1321062FD8003D920A /* Model */,
				DB4D7D022106038C005EB4F9 /* Assets.xcassets */,
				DB4D7D072106038C005EB4F9 /* Info.plist */,
			);
			path = ProficiencyExercise;
			sourceTree = "<group>";
		};
		DB4D7D0F2106038C005EB4F9 /* ProficiencyExerciseTests */ = {
			isa = PBXGroup;
			children = (
				DB4D7D122106038C005EB4F9 /* Info.plist */,
				DBA07D552107422000C8CBAD /* HomeViewControllerTests.swift */,
				DBA07D5721074C1E00C8CBAD /* HomeModalTests.swift */,
			);
			path = ProficiencyExerciseTests;
			sourceTree = "<group>";
		};
		DBCB2C1321062FD8003D920A /* Model */ = {
			isa = PBXGroup;
			children = (
				DBCB2C1721063582003D920A /* HomeModel.swift */,
			);
			path = Model;
			sourceTree = "<group>";
		};
		DBCB2C1421062FE2003D920A /* View */ = {
			isa = PBXGroup;
			children = (
				DBCB2C1021062FD1003D920A /* HomeTableViewCell.xib */,
				DBA07D5321073CD700C8CBAD /* LaunchScreen.storyboard */,
			);
			path = View;
			sourceTree = "<group>";
		};
		DBCB2C1521062FE8003D920A /* Controller */ = {
			isa = PBXGroup;
			children = (
				DB4D7CFB2106038C005EB4F9 /* AppDelegate.swift */,
				DBCB2C0D21062AF0003D920A /* HomeViewController.swift */,
				DBCB2C162106300A003D920A /* CustomCells */,
				DB0266652106F66200AB9382 /* Common */,
			);
			path = Controller;
			sourceTree = "<group>";
		};
		DBCB2C162106300A003D920A /* CustomCells */ = {
			isa = PBXGroup;
			children = (
				DBCB2C0F21062FD1003D920A /* HomeTableViewCell.swift */,
			);
			path = CustomCells;
			sourceTree = "<group>";
		};
/* End PBXGroup section */

/* Begin PBXNativeTarget section */
		DB4D7CF72106038C005EB4F9 /* ProficiencyExercise */ = {
			isa = PBXNativeTarget;
			buildConfigurationList = DB4D7D152106038C005EB4F9 /* Build configuration list for PBXNativeTarget "ProficiencyExercise" */;
			buildPhases = (
				DB4D7CF42106038C005EB4F9 /* Sources */,
				DB4D7CF52106038C005EB4F9 /* Frameworks */,
				DB4D7CF62106038C005EB4F9 /* Resources */,
			);
			buildRules = (
			);
			dependencies = (
			);
			name = ProficiencyExercise;
			productName = ProficiencyExercise;
			productReference = DB4D7CF82106038C005EB4F9 /* ProficiencyExercise.app */;
			productType = "com.apple.product-type.application";
		};
		DB4D7D0B2106038C005EB4F9 /* ProficiencyExerciseTests */ = {
			isa = PBXNativeTarget;
			buildConfigurationList = DB4D7D182106038C005EB4F9 /* Build configuration list for PBXNativeTarget "ProficiencyExerciseTests" */;
			buildPhases = (
				DB4D7D082106038C005EB4F9 /* Sources */,
				DB4D7D092106038C005EB4F9 /* Frameworks */,
				DB4D7D0A2106038C005EB4F9 /* Resources */,
			);
			buildRules = (
			);
			dependencies = (
				DB4D7D0E2106038C005EB4F9 /* PBXTargetDependency */,
			);
			name = ProficiencyExerciseTests;
			productName = ProficiencyExerciseTests;
			productReference = DB4D7D0C2106038C005EB4F9 /* ProficiencyExerciseTests.xctest */;
			productType = "com.apple.product-type.bundle.unit-test";
		};
/* End PBXNativeTarget section */

/* Begin PBXProject section */
		DB4D7CF02106038B005EB4F9 /* Project object */ = {
			isa = PBXProject;
			attributes = {
				LastSwiftUpdateCheck = 0920;
				LastUpgradeCheck = 0920;
				ORGANIZATIONNAME = "Ajay Parmar";
				TargetAttributes = {
					DB4D7CF72106038C005EB4F9 = {
						CreatedOnToolsVersion = 9.2;
						ProvisioningStyle = Automatic;
					};
					DB4D7D0B2106038C005EB4F9 = {
						CreatedOnToolsVersion = 9.2;
						ProvisioningStyle = Automatic;
						TestTargetID = DB4D7CF72106038C005EB4F9;
					};
				};
			};
			buildConfigurationList = DB4D7CF32106038C005EB4F9 /* Build configuration list for PBXProject "ProficiencyExercise" */;
			compatibilityVersion = "Xcode 8.0";
			developmentRegion = en;
			hasScannedForEncodings = 0;
			knownRegions = (
				en,
				Base,
			);
			mainGroup = DB4D7CEF2106038B005EB4F9;
			productRefGroup = DB4D7CF92106038C005EB4F9 /* Products */;
			projectDirPath = "";
			projectRoot = "";
			targets = (
				DB4D7CF72106038C005EB4F9 /* ProficiencyExercise */,
				DB4D7D0B2106038C005EB4F9 /* ProficiencyExerciseTests */,
			);
		};
/* End PBXProject section */

/* Begin PBXResourcesBuildPhase section */
		DB4D7CF62106038C005EB4F9 /* Resources */ = {
			isa = PBXResourcesBuildPhase;
			buildActionMask = 2147483647;
			files = (
				DBA07D5421073CD700C8CBAD /* LaunchScreen.storyboard in Resources */,
				DBCB2C1221062FD1003D920A /* HomeTableViewCell.xib in Resources */,
				DB4D7D032106038C005EB4F9 /* Assets.xcassets in Resources */,
			);
			runOnlyForDeploymentPostprocessing = 0;
		};
		DB4D7D0A2106038C005EB4F9 /* Resources */ = {
			isa = PBXResourcesBuildPhase;
			buildActionMask = 2147483647;
			files = (
			);
			runOnlyForDeploymentPostprocessing = 0;
		};
/* End PBXResourcesBuildPhase section */

/* Begin PBXSourcesBuildPhase section */
		DB4D7CF42106038C005EB4F9 /* Sources */ = {
			isa = PBXSourcesBuildPhase;
			buildActionMask = 2147483647;
			files = (
				DB0266642106F65D00AB9382 /* Constants.swift in Sources */,
				DBCB2C1821063582003D920A /* HomeModel.swift in Sources */,
				DBCB2C1121062FD1003D920A /* HomeTableViewCell.swift in Sources */,
				DB4D7CFC2106038C005EB4F9 /* AppDelegate.swift in Sources */,
				DBCB2C0E21062AF0003D920A /* HomeViewController.swift in Sources */,
			);
			runOnlyForDeploymentPostprocessing = 0;
		};
		DB4D7D082106038C005EB4F9 /* Sources */ = {
			isa = PBXSourcesBuildPhase;
			buildActionMask = 2147483647;
			files = (
				DBA07D5821074C1E00C8CBAD /* HomeModalTests.swift in Sources */,
				DBA07D562107422000C8CBAD /* HomeViewControllerTests.swift in Sources */,
			);
			runOnlyForDeploymentPostprocessing = 0;
		};
/* End PBXSourcesBuildPhase section */

/* Begin PBXTargetDependency section */
		DB4D7D0E2106038C005EB4F9 /* PBXTargetDependency */ = {
			isa = PBXTargetDependency;
			target = DB4D7CF72106038C005EB4F9 /* ProficiencyExercise */;
			targetProxy = DB4D7D0D2106038C005EB4F9 /* PBXContainerItemProxy */;
		};
/* End PBXTargetDependency section */

/* Begin XCBuildConfiguration section */
		DB4D7D132106038C005EB4F9 /* Debug */ = {
			isa = XCBuildConfiguration;
			buildSettings = {
				ALWAYS_SEARCH_USER_PATHS = NO;
				CLANG_ANALYZER_NONNULL = YES;
				CLANG_ANALYZER_NUMBER_OBJECT_CONVERSION = YES_AGGRESSIVE;
				CLANG_CXX_LANGUAGE_STANDARD = "gnu++14";
				CLANG_CXX_LIBRARY = "libc++";
				CLANG_ENABLE_MODULES = YES;
				CLANG_ENABLE_OBJC_ARC = YES;
				CLANG_WARN_BLOCK_CAPTURE_AUTORELEASING = YES;
				CLANG_WARN_BOOL_CONVERSION = YES;
				CLANG_WARN_COMMA = YES;
				CLANG_WARN_CONSTANT_CONVERSION = YES;
				CLANG_WARN_DIRECT_OBJC_ISA_USAGE = YES_ERROR;
				CLANG_WARN_DOCUMENTATION_COMMENTS = YES;
				CLANG_WARN_EMPTY_BODY = YES;
				CLANG_WARN_ENUM_CONVERSION = YES;
				CLANG_WARN_INFINITE_RECURSION = YES;
				CLANG_WARN_INT_CONVERSION = YES;
				CLANG_WARN_NON_LITERAL_NULL_CONVERSION = YES;
				CLANG_WARN_OBJC_LITERAL_CONVERSION = YES;
				CLANG_WARN_OBJC_ROOT_CLASS = YES_ERROR;
				CLANG_WARN_RANGE_LOOP_ANALYSIS = YES;
				CLANG_WARN_STRICT_PROTOTYPES = YES;
				CLANG_WARN_SUSPICIOUS_MOVE = YES;
				CLANG_WARN_UNGUARDED_AVAILABILITY = YES_AGGRESSIVE;
				CLANG_WARN_UNREACHABLE_CODE = YES;
				CLANG_WARN__DUPLICATE_METHOD_MATCH = YES;
				CODE_SIGN_IDENTITY = "iPhone Developer";
				COPY_PHASE_STRIP = NO;
				DEBUG_INFORMATION_FORMAT = dwarf;
				ENABLE_STRICT_OBJC_MSGSEND = YES;
				ENABLE_TESTABILITY = YES;
				GCC_C_LANGUAGE_STANDARD = gnu11;
				GCC_DYNAMIC_NO_PIC = NO;
				GCC_NO_COMMON_BLOCKS = YES;
				GCC_OPTIMIZATION_LEVEL = 0;
				GCC_PREPROCESSOR_DEFINITIONS = (
					"DEBUG=1",
					"$(inherited)",
				);
				GCC_WARN_64_TO_32_BIT_CONVERSION = YES;
				GCC_WARN_ABOUT_RETURN_TYPE = YES_ERROR;
				GCC_WARN_UNDECLARED_SELECTOR = YES;
				GCC_WARN_UNINITIALIZED_AUTOS = YES_AGGRESSIVE;
				GCC_WARN_UNUSED_FUNCTION = YES;
				GCC_WARN_UNUSED_VARIABLE = YES;
				IPHONEOS_DEPLOYMENT_TARGET = 11.0;
				MTL_ENABLE_DEBUG_INFO = YES;
				ONLY_ACTIVE_ARCH = YES;
				SDKROOT = iphoneos;
				SWIFT_ACTIVE_COMPILATION_CONDITIONS = DEBUG;
				SWIFT_OPTIMIZATION_LEVEL = "-Onone";
			};
			name = Debug;
		};
		DB4D7D142106038C005EB4F9 /* Release */ = {
			isa = XCBuildConfiguration;
			buildSettings = {
				ALWAYS_SEARCH_USER_PATHS = NO;
				CLANG_ANALYZER_NONNULL = YES;
				CLANG_ANALYZER_NUMBER_OBJECT_CONVERSION = YES_AGGRESSIVE;
				CLANG_CXX_LANGUAGE_STANDARD = "gnu++14";
				CLANG_CXX_LIBRARY = "libc++";
				CLANG_ENABLE_MODULES = YES;
				CLANG_ENABLE_OBJC_ARC = YES;
				CLANG_WARN_BLOCK_CAPTURE_AUTORELEASING = YES;
				CLANG_WARN_BOOL_CONVERSION = YES;
				CLANG_WARN_COMMA = YES;
				CLANG_WARN_CONSTANT_CONVERSION = YES;
				CLANG_WARN_DIRECT_OBJC_ISA_USAGE = YES_ERROR;
				CLANG_WARN_DOCUMENTATION_COMMENTS = YES;
				CLANG_WARN_EMPTY_BODY = YES;
				CLANG_WARN_ENUM_CONVERSION = YES;
				CLANG_WARN_INFINITE_RECURSION = YES;
				CLANG_WARN_INT_CONVERSION = YES;
				CLANG_WARN_NON_LITERAL_NULL_CONVERSION = YES;
				CLANG_WARN_OBJC_LITERAL_CONVERSION = YES;
				CLANG_WARN_OBJC_ROOT_CLASS = YES_ERROR;
				CLANG_WARN_RANGE_LOOP_ANALYSIS = YES;
				CLANG_WARN_STRICT_PROTOTYPES = YES;
				CLANG_WARN_SUSPICIOUS_MOVE = YES;
				CLANG_WARN_UNGUARDED_AVAILABILITY = YES_AGGRESSIVE;
				CLANG_WARN_UNREACHABLE_CODE = YES;
				CLANG_WARN__DUPLICATE_METHOD_MATCH = YES;
				CODE_SIGN_IDENTITY = "iPhone Developer";
				COPY_PHASE_STRIP = NO;
				DEBUG_INFORMATION_FORMAT = "dwarf-with-dsym";
				ENABLE_NS_ASSERTIONS = NO;
				ENABLE_STRICT_OBJC_MSGSEND = YES;
				GCC_C_LANGUAGE_STANDARD = gnu11;
				GCC_NO_COMMON_BLOCKS = YES;
				GCC_WARN_64_TO_32_BIT_CONVERSION = YES;
				GCC_WARN_ABOUT_RETURN_TYPE = YES_ERROR;
				GCC_WARN_UNDECLARED_SELECTOR = YES;
				GCC_WARN_UNINITIALIZED_AUTOS = YES_AGGRESSIVE;
				GCC_WARN_UNUSED_FUNCTION = YES;
				GCC_WARN_UNUSED_VARIABLE = YES;
				IPHONEOS_DEPLOYMENT_TARGET = 11.0;
				MTL_ENABLE_DEBUG_INFO = NO;
				SDKROOT = iphoneos;
				SWIFT_OPTIMIZATION_LEVEL = "-Owholemodule";
				VALIDATE_PRODUCT = YES;
			};
			name = Release;
		};
		DB4D7D162106038C005EB4F9 /* Debug */ = {
			isa = XCBuildConfiguration;
			buildSettings = {
				ASSETCATALOG_COMPILER_APPICON_NAME = AppIcon;
				CODE_SIGN_STYLE = Automatic;
				INFOPLIST_FILE = ProficiencyExercise/Info.plist;
				IPHONEOS_DEPLOYMENT_TARGET = 9.0;
				LD_RUNPATH_SEARCH_PATHS = "$(inherited) @executable_path/Frameworks";
				PRODUCT_BUNDLE_IDENTIFIER = com.wipro.ProficiencyExercise;
				PRODUCT_NAME = "$(TARGET_NAME)";
				SWIFT_VERSION = 4.0;
				TARGETED_DEVICE_FAMILY = "1,2";
			};
			name = Debug;
		};
		DB4D7D172106038C005EB4F9 /* Release */ = {
			isa = XCBuildConfiguration;
			buildSettings = {
				ASSETCATALOG_COMPILER_APPICON_NAME = AppIcon;
				CODE_SIGN_STYLE = Automatic;
				INFOPLIST_FILE = ProficiencyExercise/Info.plist;
				IPHONEOS_DEPLOYMENT_TARGET = 9.0;
				LD_RUNPATH_SEARCH_PATHS = "$(inherited) @executable_path/Frameworks";
				PRODUCT_BUNDLE_IDENTIFIER = com.wipro.ProficiencyExercise;
				PRODUCT_NAME = "$(TARGET_NAME)";
				SWIFT_VERSION = 4.0;
				TARGETED_DEVICE_FAMILY = "1,2";
			};
			name = Release;
		};
		DB4D7D192106038C005EB4F9 /* Debug */ = {
			isa = XCBuildConfiguration;
			buildSettings = {
				ALWAYS_EMBED_SWIFT_STANDARD_LIBRARIES = YES;
				BUNDLE_LOADER = "$(TEST_HOST)";
				CODE_SIGN_STYLE = Automatic;
				INFOPLIST_FILE = ProficiencyExerciseTests/Info.plist;
				LD_RUNPATH_SEARCH_PATHS = "$(inherited) @executable_path/Frameworks @loader_path/Frameworks";
				PRODUCT_BUNDLE_IDENTIFIER = com.wipro.ProficiencyExerciseTests;
				PRODUCT_NAME = "$(TARGET_NAME)";
				SWIFT_VERSION = 4.0;
				TARGETED_DEVICE_FAMILY = "1,2";
				TEST_HOST = "$(BUILT_PRODUCTS_DIR)/ProficiencyExercise.app/ProficiencyExercise";
			};
			name = Debug;
		};
		DB4D7D1A2106038C005EB4F9 /* Release */ = {
			isa = XCBuildConfiguration;
			buildSettings = {
				ALWAYS_EMBED_SWIFT_STANDARD_LIBRARIES = YES;
				BUNDLE_LOADER = "$(TEST_HOST)";
				CODE_SIGN_STYLE = Automatic;
				INFOPLIST_FILE = ProficiencyExerciseTests/Info.plist;
				LD_RUNPATH_SEARCH_PATHS = "$(inherited) @executable_path/Frameworks @loader_path/Frameworks";
				PRODUCT_BUNDLE_IDENTIFIER = com.wipro.ProficiencyExerciseTests;
				PRODUCT_NAME = "$(TARGET_NAME)";
				SWIFT_VERSION = 4.0;
				TARGETED_DEVICE_FAMILY = "1,2";
				TEST_HOST = "$(BUILT_PRODUCTS_DIR)/ProficiencyExercise.app/ProficiencyExercise";
			};
			name = Release;
		};
/* End XCBuildConfiguration section */

/* Begin XCConfigurationList section */
		DB4D7CF32106038C005EB4F9 /* Build configuration list for PBXProject "ProficiencyExercise" */ = {
			isa = XCConfigurationList;
			buildConfigurations = (
				DB4D7D132106038C005EB4F9 /* Debug */,
				DB4D7D142106038C005EB4F9 /* Release */,
			);
			defaultConfigurationIsVisible = 0;
			defaultConfigurationName = Release;
		};
		DB4D7D152106038C005EB4F9 /* Build configuration list for PBXNativeTarget "ProficiencyExercise" */ = {
			isa = XCConfigurationList;
			buildConfigurations = (
				DB4D7D162106038C005EB4F9 /* Debug */,
				DB4D7D172106038C005EB4F9 /* Release */,
			);
			defaultConfigurationIsVisible = 0;
			defaultConfigurationName = Release;
		};
		DB4D7D182106038C005EB4F9 /* Build configuration list for PBXNativeTarget "ProficiencyExerciseTests" */ = {
			isa = XCConfigurationList;
			buildConfigurations = (
				DB4D7D192106038C005EB4F9 /* Debug */,
				DB4D7D1A2106038C005EB4F9 /* Release */,
			);
			defaultConfigurationIsVisible = 0;
			defaultConfigurationName = Release;
		};
/* End XCConfigurationList section */
	};
	rootObject = DB4D7CF02106038B005EB4F9 /* Project object */;
}
