// !$*UTF8*$!
{
	archiveVersion = 1;
	classes = {
	};
	objectVersion = 48;
	objects = {

/* Begin PBXBuildFile section */
		243417437051DFDADE9A381F /* Pods_ProficiencyExercise.framework in Frameworks */ = {isa = PBXBuildFile; fileRef = 982D9D9B8E055185B8FC48E7 /* Pods_ProficiencyExercise.framework */; };
		298AAC5233550B06D53FD9CA /* Pods_ProficiencyExercise_ProficiencyExerciseTests.framework in Frameworks */ = {isa = PBXBuildFile; fileRef = 822D8865714A4DE62831F67B /* Pods_ProficiencyExercise_ProficiencyExerciseTests.framework */; };
		DB4D7CFC2106038C005EB4F9 /* AppDelegate.swift in Sources */ = {isa = PBXBuildFile; fileRef = DB4D7CFB2106038C005EB4F9 /* AppDelegate.swift */; };
		DB4D7D032106038C005EB4F9 /* Assets.xcassets in Resources */ = {isa = PBXBuildFile; fileRef = DB4D7D022106038C005EB4F9 /* Assets.xcassets */; };
		DB4D7D062106038C005EB4F9 /* LaunchScreen.storyboard in Resources */ = {isa = PBXBuildFile; fileRef = DB4D7D042106038C005EB4F9 /* LaunchScreen.storyboard */; };
		DB4D7D112106038C005EB4F9 /* ProficiencyExerciseTests.swift in Sources */ = {isa = PBXBuildFile; fileRef = DB4D7D102106038C005EB4F9 /* ProficiencyExerciseTests.swift */; };
		DBCB2C0E21062AF0003D920A /* HomeViewController.swift in Sources */ = {isa = PBXBuildFile; fileRef = DBCB2C0D21062AF0003D920A /* HomeViewController.swift */; };
/* End PBXBuildFile section */

/* Begin PBXContainerItemProxy section */
		DB4D7D0D2106038C005EB4F9 /* PBXContainerItemProxy */ = {
			isa = PBXContainerItemProxy;
			containerPortal = DB4D7CF02106038B005EB4F9 /* Project object */;
			proxyType = 1;
			remoteGlobalIDString = DB4D7CF72106038C005EB4F9;
			remoteInfo = ProficiencyExercise;
		};
/* End PBXContainerItemProxy section */

/* Begin PBXFileReference section */
		07ED8F29D4C803BBDB426AD7 /* Pods-ProficiencyExercise.debug.xcconfig */ = {isa = PBXFileReference; includeInIndex = 1; lastKnownFileType = text.xcconfig; name = "Pods-ProficiencyExercise.debug.xcconfig"; path = "Pods/Target Support Files/Pods-ProficiencyExercise/Pods-ProficiencyExercise.debug.xcconfig"; sourceTree = "<group>"; };
		164C0FC1DA9F4D32FF3FBFFC /* Pods-ProficiencyExercise.release.xcconfig */ = {isa = PBXFileReference; includeInIndex = 1; lastKnownFileType = text.xcconfig; name = "Pods-ProficiencyExercise.release.xcconfig"; path = "Pods/Target Support Files/Pods-ProficiencyExercise/Pods-ProficiencyExercise.release.xcconfig"; sourceTree = "<group>"; };
		822D8865714A4DE62831F67B /* Pods_ProficiencyExercise_ProficiencyExerciseTests.framework */ = {isa = PBXFileReference; explicitFileType = wrapper.framework; includeInIndex = 0; path = Pods_ProficiencyExercise_ProficiencyExerciseTests.framework; sourceTree = BUILT_PRODUCTS_DIR; };
		9548CFEAF902EDAEB29DCE65 /* Pods-ProficiencyExercise-ProficiencyExerciseTests.release.xcconfig */ = {isa = PBXFileReference; includeInIndex = 1; lastKnownFileType = text.xcconfig; name = "Pods-ProficiencyExercise-ProficiencyExerciseTests.release.xcconfig"; path = "Pods/Target Support Files/Pods-ProficiencyExercise-ProficiencyExerciseTests/Pods-ProficiencyExercise-ProficiencyExerciseTests.release.xcconfig"; sourceTree = "<group>"; };
		982D9D9B8E055185B8FC48E7 /* Pods_ProficiencyExercise.framework */ = {isa = PBXFileReference; explicitFileType = wrapper.framework; includeInIndex = 0; path = Pods_ProficiencyExercise.framework; sourceTree = BUILT_PRODUCTS_DIR; };
		A767D5A081697C2DC6BC1736 /* Pods-ProficiencyExercise-ProficiencyExerciseTests.debug.xcconfig */ = {isa = PBXFileReference; includeInIndex = 1; lastKnownFileType = text.xcconfig; name = "Pods-ProficiencyExercise-ProficiencyExerciseTests.debug.xcconfig"; path = "Pods/Target Support Files/Pods-ProficiencyExercise-ProficiencyExerciseTests/Pods-ProficiencyExercise-ProficiencyExerciseTests.debug.xcconfig"; sourceTree = "<group>"; };
		DB4D7CF82106038C005EB4F9 /* ProficiencyExercise.app */ = {isa = PBXFileReference; explicitFileType = wrapper.application; includeInIndex = 0; path = ProficiencyExercise.app; sourceTree = BUILT_PRODUCTS_DIR; };
		DB4D7CFB2106038C005EB4F9 /* AppDelegate.swift */ = {isa = PBXFileReference; lastKnownFileType = sourcecode.swift; path = AppDelegate.swift; sourceTree = "<group>"; };
		DB4D7D022106038C005EB4F9 /* Assets.xcassets */ = {isa = PBXFileReference; lastKnownFileType = folder.assetcatalog; path = Assets.xcassets; sourceTree = "<group>"; };
		DB4D7D052106038C005EB4F9 /* Base */ = {isa = PBXFileReference; lastKnownFileType = file.storyboard; name = Base; path = Base.lproj/LaunchScreen.storyboard; sourceTree = "<group>"; };
		DB4D7D072106038C005EB4F9 /* Info.plist */ = {isa = PBXFileReference; lastKnownFileType = text.plist.xml; path = Info.plist; sourceTree = "<group>"; };
		DB4D7D0C2106038C005EB4F9 /* ProficiencyExerciseTests.xctest */ = {isa = PBXFileReference; explicitFileType = wrapper.cfbundle; includeInIndex = 0; path = ProficiencyExerciseTests.xctest; sourceTree = BUILT_PRODUCTS_DIR; };
		DB4D7D102106038C005EB4F9 /* ProficiencyExerciseTests.swift */ = {isa = PBXFileReference; lastKnownFileType = sourcecode.swift; path = ProficiencyExerciseTests.swift; sourceTree = "<group>"; };
		DB4D7D122106038C005EB4F9 /* Info.plist */ = {isa = PBXFileReference; lastKnownFileType = text.plist.xml; path = Info.plist; sourceTree = "<group>"; };
		DBCB2C0D21062AF0003D920A /* HomeViewController.swift */ = {isa = PBXFileReference; lastKnownFileType = sourcecode.swift; path = HomeViewController.swift; sourceTree = "<group>"; };
/* End PBXFileReference section */

/* Begin PBXFrameworksBuildPhase section */
		DB4D7CF52106038C005EB4F9 /* Frameworks */ = {
			isa = PBXFrameworksBuildPhase;
			buildActionMask = 2147483647;
			files = (
				243417437051DFDADE9A381F /* Pods_ProficiencyExercise.framework in Frameworks */,
			);
			runOnlyForDeploymentPostprocessing = 0;
		};
		DB4D7D092106038C005EB4F9 /* Frameworks */ = {
			isa = PBXFrameworksBuildPhase;
			buildActionMask = 2147483647;
			files = (
				298AAC5233550B06D53FD9CA /* Pods_ProficiencyExercise_ProficiencyExerciseTests.framework in Frameworks */,
			);
			runOnlyForDeploymentPostprocessing = 0;
		};
/* End PBXFrameworksBuildPhase section */

/* Begin PBXGroup section */
		1584A2F008F6F7CF2B7A0E69 /* Frameworks */ = {
			isa = PBXGroup;
			children = (
				982D9D9B8E055185B8FC48E7 /* Pods_ProficiencyExercise.framework */,
				822D8865714A4DE62831F67B /* Pods_ProficiencyExercise_ProficiencyExerciseTests.framework */,
			);
			name = Frameworks;
			sourceTree = "<group>";
		};
		B60531CC7380D25D1BE16145 /* Pods */ = {
			isa = PBXGroup;
			children = (
				07ED8F29D4C803BBDB426AD7 /* Pods-ProficiencyExercise.debug.xcconfig */,
				164C0FC1DA9F4D32FF3FBFFC /* Pods-ProficiencyExercise.release.xcconfig */,
				A767D5A081697C2DC6BC1736 /* Pods-ProficiencyExercise-ProficiencyExerciseTests.debug.xcconfig */,
				9548CFEAF902EDAEB29DCE65 /* Pods-ProficiencyExercise-ProficiencyExerciseTests.release.xcconfig */,
			);
			name = Pods;
			sourceTree = "<group>";
		};
		DB4D7CEF2106038B005EB4F9 = {
			isa = PBXGroup;
			children = (
				DB4D7CFA2106038C005EB4F9 /* ProficiencyExercise */,
				DB4D7D0F2106038C005EB4F9 /* ProficiencyExerciseTests */,
				DB4D7CF92106038C005EB4F9 /* Products */,
				B60531CC7380D25D1BE16145 /* Pods */,
				1584A2F008F6F7CF2B7A0E69 /* Frameworks */,
			);
			sourceTree = "<group>";
		};
		DB4D7CF92106038C005EB4F9 /* Products */ = {
			isa = PBXGroup;
			children = (
				DB4D7CF82106038C005EB4F9 /* ProficiencyExercise.app */,
				DB4D7D0C2106038C005EB4F9 /* ProficiencyExerciseTests.xctest */,
			);
			name = Products;
			sourceTree = "<group>";
		};
		DB4D7CFA2106038C005EB4F9 /* ProficiencyExercise */ = {
			isa = PBXGroup;
			children = (
				DB4D7CFB2106038C005EB4F9 /* AppDelegate.swift */,
				DBCB2C0D21062AF0003D920A /* HomeViewController.swift */,
				DB4D7D022106038C005EB4F9 /* Assets.xcassets */,
				DB4D7D042106038C005EB4F9 /* LaunchScreen.storyboard */,
				DB4D7D072106038C005EB4F9 /* Info.plist */,
			);
			path = ProficiencyExercise;
			sourceTree = "<group>";
		};
		DB4D7D0F2106038C005EB4F9 /* ProficiencyExerciseTests */ = {
			isa = PBXGroup;
			children = (
				DB4D7D102106038C005EB4F9 /* ProficiencyExerciseTests.swift */,
				DB4D7D122106038C005EB4F9 /* Info.plist */,
			);
			path = ProficiencyExerciseTests;
			sourceTree = "<group>";
		};
/* End PBXGroup section */

/* Begin PBXNativeTarget section */
		DB4D7CF72106038C005EB4F9 /* ProficiencyExercise */ = {
			isa = PBXNativeTarget;
			buildConfigurationList = DB4D7D152106038C005EB4F9 /* Build configuration list for PBXNativeTarget "ProficiencyExercise" */;
			buildPhases = (
				68DC43D9CDD5666403354122 /* [CP] Check Pods Manifest.lock */,
				DB4D7CF42106038C005EB4F9 /* Sources */,
				DB4D7CF52106038C005EB4F9 /* Frameworks */,
				DB4D7CF62106038C005EB4F9 /* Resources */,
				E9AA046D8276A7A02D1F6490 /* [CP] Embed Pods Frameworks */,
				918AC8C58FA5ACB8C451B706 /* [CP] Copy Pods Resources */,
			);
			buildRules = (
			);
			dependencies = (
			);
			name = ProficiencyExercise;
			productName = ProficiencyExercise;
			productReference = DB4D7CF82106038C005EB4F9 /* ProficiencyExercise.app */;
			productType = "com.apple.product-type.application";
		};
		DB4D7D0B2106038C005EB4F9 /* ProficiencyExerciseTests */ = {
			isa = PBXNativeTarget;
			buildConfigurationList = DB4D7D182106038C005EB4F9 /* Build configuration list for PBXNativeTarget "ProficiencyExerciseTests" */;
			buildPhases = (
				CA6138FA59EFB40014DDC4D5 /* [CP] Check Pods Manifest.lock */,
				DB4D7D082106038C005EB4F9 /* Sources */,
				DB4D7D092106038C005EB4F9 /* Frameworks */,
				DB4D7D0A2106038C005EB4F9 /* Resources */,
				37BA59C9E4B730F4CA6BC999 /* [CP] Embed Pods Frameworks */,
				3DD13D767DCB418DF4459E8E /* [CP] Copy Pods Resources */,
			);
			buildRules = (
			);
			dependencies = (
				DB4D7D0E2106038C005EB4F9 /* PBXTargetDependency */,
			);
			name = ProficiencyExerciseTests;
			productName = ProficiencyExerciseTests;
			productReference = DB4D7D0C2106038C005EB4F9 /* ProficiencyExerciseTests.xctest */;
			productType = "com.apple.product-type.bundle.unit-test";
		};
/* End PBXNativeTarget section */

/* Begin PBXProject section */
		DB4D7CF02106038B005EB4F9 /* Project object */ = {
			isa = PBXProject;
			attributes = {
				LastSwiftUpdateCheck = 0920;
				LastUpgradeCheck = 0920;
				ORGANIZATIONNAME = "Ajay Parmar";
				TargetAttributes = {
					DB4D7CF72106038C005EB4F9 = {
						CreatedOnToolsVersion = 9.2;
						ProvisioningStyle = Automatic;
					};
					DB4D7D0B2106038C005EB4F9 = {
						CreatedOnToolsVersion = 9.2;
						ProvisioningStyle = Automatic;
						TestTargetID = DB4D7CF72106038C005EB4F9;
					};
				};
			};
			buildConfigurationList = DB4D7CF32106038C005EB4F9 /* Build configuration list for PBXProject "ProficiencyExercise" */;
			compatibilityVersion = "Xcode 8.0";
			developmentRegion = en;
			hasScannedForEncodings = 0;
			knownRegions = (
				en,
				Base,
			);
			mainGroup = DB4D7CEF2106038B005EB4F9;
			productRefGroup = DB4D7CF92106038C005EB4F9 /* Products */;
			projectDirPath = "";
			projectRoot = "";
			targets = (
				DB4D7CF72106038C005EB4F9 /* ProficiencyExercise */,
				DB4D7D0B2106038C005EB4F9 /* ProficiencyExerciseTests */,
			);
		};
/* End PBXProject section */

/* Begin PBXResourcesBuildPhase section */
		DB4D7CF62106038C005EB4F9 /* Resources */ = {
			isa = PBXResourcesBuildPhase;
			buildActionMask = 2147483647;
			files = (
				DB4D7D062106038C005EB4F9 /* LaunchScreen.storyboard in Resources */,
				DB4D7D032106038C005EB4F9 /* Assets.xcassets in Resources */,
			);
			runOnlyForDeploymentPostprocessing = 0;
		};
		DB4D7D0A2106038C005EB4F9 /* Resources */ = {
			isa = PBXResourcesBuildPhase;
			buildActionMask = 2147483647;
			files = (
			);
			runOnlyForDeploymentPostprocessing = 0;
		};
/* End PBXResourcesBuildPhase section */

/* Begin PBXShellScriptBuildPhase section */
		37BA59C9E4B730F4CA6BC999 /* [CP] Embed Pods Frameworks */ = {
			isa = PBXShellScriptBuildPhase;
			buildActionMask = 2147483647;
			files = (
			);
			inputPaths = (
				"${SRCROOT}/Pods/Target Support Files/Pods-ProficiencyExercise-ProficiencyExerciseTests/Pods-ProficiencyExercise-ProficiencyExerciseTests-frameworks.sh",
				"${BUILT_PRODUCTS_DIR}/Alamofire/Alamofire.framework",
			);
			name = "[CP] Embed Pods Frameworks";
			outputPaths = (
				"${TARGET_BUILD_DIR}/${FRAMEWORKS_FOLDER_PATH}/Alamofire.framework",
			);
			runOnlyForDeploymentPostprocessing = 0;
			shellPath = /bin/sh;
			shellScript = "\"${SRCROOT}/Pods/Target Support Files/Pods-ProficiencyExercise-ProficiencyExerciseTests/Pods-ProficiencyExercise-ProficiencyExerciseTests-frameworks.sh\"\n";
			showEnvVarsInLog = 0;
		};
		3DD13D767DCB418DF4459E8E /* [CP] Copy Pods Resources */ = {
			isa = PBXShellScriptBuildPhase;
			buildActionMask = 2147483647;
			files = (
			);
			inputPaths = (
			);
			name = "[CP] Copy Pods Resources";
			outputPaths = (
			);
			runOnlyForDeploymentPostprocessing = 0;
			shellPath = /bin/sh;
			shellScript = "\"${SRCROOT}/Pods/Target Support Files/Pods-ProficiencyExercise-ProficiencyExerciseTests/Pods-ProficiencyExercise-ProficiencyExerciseTests-resources.sh\"\n";
			showEnvVarsInLog = 0;
		};
		68DC43D9CDD5666403354122 /* [CP] Check Pods Manifest.lock */ = {
			isa = PBXShellScriptBuildPhase;
			buildActionMask = 2147483647;
			files = (
			);
			inputPaths = (
				"${PODS_PODFILE_DIR_PATH}/Podfile.lock",
				"${PODS_ROOT}/Manifest.lock",
			);
			name = "[CP] Check Pods Manifest.lock";
			outputPaths = (
				"$(DERIVED_FILE_DIR)/Pods-ProficiencyExercise-checkManifestLockResult.txt",
			);
			runOnlyForDeploymentPostprocessing = 0;
			shellPath = /bin/sh;
			shellScript = "diff \"${PODS_PODFILE_DIR_PATH}/Podfile.lock\" \"${PODS_ROOT}/Manifest.lock\" > /dev/null\nif [ $? != 0 ] ; then\n    # print error to STDERR\n    echo \"error: The sandbox is not in sync with the Podfile.lock. Run 'pod install' or update your CocoaPods installation.\" >&2\n    exit 1\nfi\n# This output is used by Xcode 'outputs' to avoid re-running this script phase.\necho \"SUCCESS\" > \"${SCRIPT_OUTPUT_FILE_0}\"\n";
			showEnvVarsInLog = 0;
		};
		918AC8C58FA5ACB8C451B706 /* [CP] Copy Pods Resources */ = {
			isa = PBXShellScriptBuildPhase;
			buildActionMask = 2147483647;
			files = (
			);
			inputPaths = (
			);
			name = "[CP] Copy Pods Resources";
			outputPaths = (
			);
			runOnlyForDeploymentPostprocessing = 0;
			shellPath = /bin/sh;
			shellScript = "\"${SRCROOT}/Pods/Target Support Files/Pods-ProficiencyExercise/Pods-ProficiencyExercise-resources.sh\"\n";
			showEnvVarsInLog = 0;
		};
		CA6138FA59EFB40014DDC4D5 /* [CP] Check Pods Manifest.lock */ = {
			isa = PBXShellScriptBuildPhase;
			buildActionMask = 2147483647;
			files = (
			);
			inputPaths = (
				"${PODS_PODFILE_DIR_PATH}/Podfile.lock",
				"${PODS_ROOT}/Manifest.lock",
			);
			name = "[CP] Check Pods Manifest.lock";
			outputPaths = (
				"$(DERIVED_FILE_DIR)/Pods-ProficiencyExercise-ProficiencyExerciseTests-checkManifestLockResult.txt",
			);
			runOnlyForDeploymentPostprocessing = 0;
			shellPath = /bin/sh;
			shellScript = "diff \"${PODS_PODFILE_DIR_PATH}/Podfile.lock\" \"${PODS_ROOT}/Manifest.lock\" > /dev/null\nif [ $? != 0 ] ; then\n    # print error to STDERR\n    echo \"error: The sandbox is not in sync with the Podfile.lock. Run 'pod install' or update your CocoaPods installation.\" >&2\n    exit 1\nfi\n# This output is used by Xcode 'outputs' to avoid re-running this script phase.\necho \"SUCCESS\" > \"${SCRIPT_OUTPUT_FILE_0}\"\n";
			showEnvVarsInLog = 0;
		};
		E9AA046D8276A7A02D1F6490 /* [CP] Embed Pods Frameworks */ = {
			isa = PBXShellScriptBuildPhase;
			buildActionMask = 2147483647;
			files = (
			);
			inputPaths = (
			);
			name = "[CP] Embed Pods Frameworks";
			outputPaths = (
			);
			runOnlyForDeploymentPostprocessing = 0;
			shellPath = /bin/sh;
			shellScript = "\"${SRCROOT}/Pods/Target Support Files/Pods-ProficiencyExercise/Pods-ProficiencyExercise-frameworks.sh\"\n";
			showEnvVarsInLog = 0;
		};
/* End PBXShellScriptBuildPhase section */

/* Begin PBXSourcesBuildPhase section */
		DB4D7CF42106038C005EB4F9 /* Sources */ = {
			isa = PBXSourcesBuildPhase;
			buildActionMask = 2147483647;
			files = (
				DB4D7CFC2106038C005EB4F9 /* AppDelegate.swift in Sources */,
				DBCB2C0E21062AF0003D920A /* HomeViewController.swift in Sources */,
			);
			runOnlyForDeploymentPostprocessing = 0;
		};
		DB4D7D082106038C005EB4F9 /* Sources */ = {
			isa = PBXSourcesBuildPhase;
			buildActionMask = 2147483647;
			files = (
				DB4D7D112106038C005EB4F9 /* ProficiencyExerciseTests.swift in Sources */,
			);
			runOnlyForDeploymentPostprocessing = 0;
		};
/* End PBXSourcesBuildPhase section */

/* Begin PBXTargetDependency section */
		DB4D7D0E2106038C005EB4F9 /* PBXTargetDependency */ = {
			isa = PBXTargetDependency;
			target = DB4D7CF72106038C005EB4F9 /* ProficiencyExercise */;
			targetProxy = DB4D7D0D2106038C005EB4F9 /* PBXContainerItemProxy */;
		};
/* End PBXTargetDependency section */

/* Begin PBXVariantGroup section */
		DB4D7D042106038C005EB4F9 /* LaunchScreen.storyboard */ = {
			isa = PBXVariantGroup;
			children = (
				DB4D7D052106038C005EB4F9 /* Base */,
			);
			name = LaunchScreen.storyboard;
			sourceTree = "<group>";
		};
/* End PBXVariantGroup section */

/* Begin XCBuildConfiguration section */
		DB4D7D132106038C005EB4F9 /* Debug */ = {
			isa = XCBuildConfiguration;
			buildSettings = {
				ALWAYS_SEARCH_USER_PATHS = NO;
				CLANG_ANALYZER_NONNULL = YES;
				CLANG_ANALYZER_NUMBER_OBJECT_CONVERSION = YES_AGGRESSIVE;
				CLANG_CXX_LANGUAGE_STANDARD = "gnu++14";
				CLANG_CXX_LIBRARY = "libc++";
				CLANG_ENABLE_MODULES = YES;
				CLANG_ENABLE_OBJC_ARC = YES;
				CLANG_WARN_BLOCK_CAPTURE_AUTORELEASING = YES;
				CLANG_WARN_BOOL_CONVERSION = YES;
				CLANG_WARN_COMMA = YES;
				CLANG_WARN_CONSTANT_CONVERSION = YES;
				CLANG_WARN_DIRECT_OBJC_ISA_USAGE = YES_ERROR;
				CLANG_WARN_DOCUMENTATION_COMMENTS = YES;
				CLANG_WARN_EMPTY_BODY = YES;
				CLANG_WARN_ENUM_CONVERSION = YES;
				CLANG_WARN_INFINITE_RECURSION = YES;
				CLANG_WARN_INT_CONVERSION = YES;
				CLANG_WARN_NON_LITERAL_NULL_CONVERSION = YES;
				CLANG_WARN_OBJC_LITERAL_CONVERSION = YES;
				CLANG_WARN_OBJC_ROOT_CLASS = YES_ERROR;
				CLANG_WARN_RANGE_LOOP_ANALYSIS = YES;
				CLANG_WARN_STRICT_PROTOTYPES = YES;
				CLANG_WARN_SUSPICIOUS_MOVE = YES;
				CLANG_WARN_UNGUARDED_AVAILABILITY = YES_AGGRESSIVE;
				CLANG_WARN_UNREACHABLE_CODE = YES;
				CLANG_WARN__DUPLICATE_METHOD_MATCH = YES;
				CODE_SIGN_IDENTITY = "iPhone Developer";
				COPY_PHASE_STRIP = NO;
				DEBUG_INFORMATION_FORMAT = dwarf;
				ENABLE_STRICT_OBJC_MSGSEND = YES;
				ENABLE_TESTABILITY = YES;
				GCC_C_LANGUAGE_STANDARD = gnu11;
				GCC_DYNAMIC_NO_PIC = NO;
				GCC_NO_COMMON_BLOCKS = YES;
				GCC_OPTIMIZATION_LEVEL = 0;
				GCC_PREPROCESSOR_DEFINITIONS = (
					"DEBUG=1",
					"$(inherited)",
				);
				GCC_WARN_64_TO_32_BIT_CONVERSION = YES;
				GCC_WARN_ABOUT_RETURN_TYPE = YES_ERROR;
				GCC_WARN_UNDECLARED_SELECTOR = YES;
				GCC_WARN_UNINITIALIZED_AUTOS = YES_AGGRESSIVE;
				GCC_WARN_UNUSED_FUNCTION = YES;
				GCC_WARN_UNUSED_VARIABLE = YES;
				IPHONEOS_DEPLOYMENT_TARGET = 11.2;
				MTL_ENABLE_DEBUG_INFO = YES;
				ONLY_ACTIVE_ARCH = YES;
				SDKROOT = iphoneos;
				SWIFT_ACTIVE_COMPILATION_CONDITIONS = DEBUG;
				SWIFT_OPTIMIZATION_LEVEL = "-Onone";
			};
			name = Debug;
		};
		DB4D7D142106038C005EB4F9 /* Release */ = {
			isa = XCBuildConfiguration;
			buildSettings = {
				ALWAYS_SEARCH_USER_PATHS = NO;
				CLANG_ANALYZER_NONNULL = YES;
				CLANG_ANALYZER_NUMBER_OBJECT_CONVERSION = YES_AGGRESSIVE;
				CLANG_CXX_LANGUAGE_STANDARD = "gnu++14";
				CLANG_CXX_LIBRARY = "libc++";
				CLANG_ENABLE_MODULES = YES;
				CLANG_ENABLE_OBJC_ARC = YES;
				CLANG_WARN_BLOCK_CAPTURE_AUTORELEASING = YES;
				CLANG_WARN_BOOL_CONVERSION = YES;
				CLANG_WARN_COMMA = YES;
				CLANG_WARN_CONSTANT_CONVERSION = YES;
				CLANG_WARN_DIRECT_OBJC_ISA_USAGE = YES_ERROR;
				CLANG_WARN_DOCUMENTATION_COMMENTS = YES;
				CLANG_WARN_EMPTY_BODY = YES;
				CLANG_WARN_ENUM_CONVERSION = YES;
				CLANG_WARN_INFINITE_RECURSION = YES;
				CLANG_WARN_INT_CONVERSION = YES;
				CLANG_WARN_NON_LITERAL_NULL_CONVERSION = YES;
				CLANG_WARN_OBJC_LITERAL_CONVERSION = YES;
				CLANG_WARN_OBJC_ROOT_CLASS = YES_ERROR;
				CLANG_WARN_RANGE_LOOP_ANALYSIS = YES;
				CLANG_WARN_STRICT_PROTOTYPES = YES;
				CLANG_WARN_SUSPICIOUS_MOVE = YES;
				CLANG_WARN_UNGUARDED_AVAILABILITY = YES_AGGRESSIVE;
				CLANG_WARN_UNREACHABLE_CODE = YES;
				CLANG_WARN__DUPLICATE_METHOD_MATCH = YES;
				CODE_SIGN_IDENTITY = "iPhone Developer";
				COPY_PHASE_STRIP = NO;
				DEBUG_INFORMATION_FORMAT = "dwarf-with-dsym";
				ENABLE_NS_ASSERTIONS = NO;
				ENABLE_STRICT_OBJC_MSGSEND = YES;
				GCC_C_LANGUAGE_STANDARD = gnu11;
				GCC_NO_COMMON_BLOCKS = YES;
				GCC_WARN_64_TO_32_BIT_CONVERSION = YES;
				GCC_WARN_ABOUT_RETURN_TYPE = YES_ERROR;
				GCC_WARN_UNDECLARED_SELECTOR = YES;
				GCC_WARN_UNINITIALIZED_AUTOS = YES_AGGRESSIVE;
				GCC_WARN_UNUSED_FUNCTION = YES;
				GCC_WARN_UNUSED_VARIABLE = YES;
				IPHONEOS_DEPLOYMENT_TARGET = 11.2;
				MTL_ENABLE_DEBUG_INFO = NO;
				SDKROOT = iphoneos;
				SWIFT_OPTIMIZATION_LEVEL = "-Owholemodule";
				VALIDATE_PRODUCT = YES;
			};
			name = Release;
		};
		DB4D7D162106038C005EB4F9 /* Debug */ = {
			isa = XCBuildConfiguration;
			baseConfigurationReference = 07ED8F29D4C803BBDB426AD7 /* Pods-ProficiencyExercise.debug.xcconfig */;
			buildSettings = {
				ASSETCATALOG_COMPILER_APPICON_NAME = AppIcon;
				CODE_SIGN_STYLE = Automatic;
				INFOPLIST_FILE = ProficiencyExercise/Info.plist;
				IPHONEOS_DEPLOYMENT_TARGET = 9.0;
				LD_RUNPATH_SEARCH_PATHS = "$(inherited) @executable_path/Frameworks";
				PRODUCT_BUNDLE_IDENTIFIER = com.wipro.ProficiencyExercise;
				PRODUCT_NAME = "$(TARGET_NAME)";
				SWIFT_VERSION = 4.0;
				TARGETED_DEVICE_FAMILY = "1,2";
			};
			name = Debug;
		};
		DB4D7D172106038C005EB4F9 /* Release */ = {
			isa = XCBuildConfiguration;
			baseConfigurationReference = 164C0FC1DA9F4D32FF3FBFFC /* Pods-ProficiencyExercise.release.xcconfig */;
			buildSettings = {
				ASSETCATALOG_COMPILER_APPICON_NAME = AppIcon;
				CODE_SIGN_STYLE = Automatic;
				INFOPLIST_FILE = ProficiencyExercise/Info.plist;
				IPHONEOS_DEPLOYMENT_TARGET = 9.0;
				LD_RUNPATH_SEARCH_PATHS = "$(inherited) @executable_path/Frameworks";
				PRODUCT_BUNDLE_IDENTIFIER = com.wipro.ProficiencyExercise;
				PRODUCT_NAME = "$(TARGET_NAME)";
				SWIFT_VERSION = 4.0;
				TARGETED_DEVICE_FAMILY = "1,2";
			};
			name = Release;
		};
		DB4D7D192106038C005EB4F9 /* Debug */ = {
			isa = XCBuildConfiguration;
			baseConfigurationReference = A767D5A081697C2DC6BC1736 /* Pods-ProficiencyExercise-ProficiencyExerciseTests.debug.xcconfig */;
			buildSettings = {
				ALWAYS_EMBED_SWIFT_STANDARD_LIBRARIES = YES;
				BUNDLE_LOADER = "$(TEST_HOST)";
				CODE_SIGN_STYLE = Automatic;
				INFOPLIST_FILE = ProficiencyExerciseTests/Info.plist;
				LD_RUNPATH_SEARCH_PATHS = "$(inherited) @executable_path/Frameworks @loader_path/Frameworks";
				PRODUCT_BUNDLE_IDENTIFIER = com.wipro.ProficiencyExerciseTests;
				PRODUCT_NAME = "$(TARGET_NAME)";
				SWIFT_VERSION = 4.0;
				TARGETED_DEVICE_FAMILY = "1,2";
				TEST_HOST = "$(BUILT_PRODUCTS_DIR)/ProficiencyExercise.app/ProficiencyExercise";
			};
			name = Debug;
		};
		DB4D7D1A2106038C005EB4F9 /* Release */ = {
			isa = XCBuildConfiguration;
			baseConfigurationReference = 9548CFEAF902EDAEB29DCE65 /* Pods-ProficiencyExercise-ProficiencyExerciseTests.release.xcconfig */;
			buildSettings = {
				ALWAYS_EMBED_SWIFT_STANDARD_LIBRARIES = YES;
				BUNDLE_LOADER = "$(TEST_HOST)";
				CODE_SIGN_STYLE = Automatic;
				INFOPLIST_FILE = ProficiencyExerciseTests/Info.plist;
				LD_RUNPATH_SEARCH_PATHS = "$(inherited) @executable_path/Frameworks @loader_path/Frameworks";
				PRODUCT_BUNDLE_IDENTIFIER = com.wipro.ProficiencyExerciseTests;
				PRODUCT_NAME = "$(TARGET_NAME)";
				SWIFT_VERSION = 4.0;
				TARGETED_DEVICE_FAMILY = "1,2";
				TEST_HOST = "$(BUILT_PRODUCTS_DIR)/ProficiencyExercise.app/ProficiencyExercise";
			};
			name = Release;
		};
/* End XCBuildConfiguration section */

/* Begin XCConfigurationList section */
		DB4D7CF32106038C005EB4F9 /* Build configuration list for PBXProject "ProficiencyExercise" */ = {
			isa = XCConfigurationList;
			buildConfigurations = (
				DB4D7D132106038C005EB4F9 /* Debug */,
				DB4D7D142106038C005EB4F9 /* Release */,
			);
			defaultConfigurationIsVisible = 0;
			defaultConfigurationName = Release;
		};
		DB4D7D152106038C005EB4F9 /* Build configuration list for PBXNativeTarget "ProficiencyExercise" */ = {
			isa = XCConfigurationList;
			buildConfigurations = (
				DB4D7D162106038C005EB4F9 /* Debug */,
				DB4D7D172106038C005EB4F9 /* Release */,
			);
			defaultConfigurationIsVisible = 0;
			defaultConfigurationName = Release;
		};
		DB4D7D182106038C005EB4F9 /* Build configuration list for PBXNativeTarget "ProficiencyExerciseTests" */ = {
			isa = XCConfigurationList;
			buildConfigurations = (
				DB4D7D192106038C005EB4F9 /* Debug */,
				DB4D7D1A2106038C005EB4F9 /* Release */,
			);
			defaultConfigurationIsVisible = 0;
			defaultConfigurationName = Release;
		};
/* End XCConfigurationList section */
	};
	rootObject = DB4D7CF02106038B005EB4F9 /* Project object */;
}
